
Microsoft Visual Studio Solution File, Format Version 12.00
# Visual Studio Version 17
VisualStudioVersion = 17.7.34031.279
MinimumVisualStudioVersion = 10.0.40219.1
Project("{9A19103F-16F7-4668-BE54-9A1E7A4F7556}") = "apiServer", "apiServer.csproj", "{3B809B2E-72D0-4E20-BA3C-5930F36DBDC6}"
EndProject
Global
	GlobalSection(SolutionConfigurationPlatforms) = preSolution
		Debug|Any CPU = Debug|Any CPU
		Release|Any CPU = Release|Any CPU
	EndGlobalSection
	GlobalSection(ProjectConfigurationPlatforms) = postSolution
		{3B809B2E-72D0-4E20-BA3C-5930F36DBDC6}.Debug|Any CPU.ActiveCfg = Debug|Any CPU
		{3B809B2E-72D0-4E20-BA3C-5930F36DBDC6}.Debug|Any CPU.Build.0 = Debug|Any CPU
		{3B809B2E-72D0-4E20-BA3C-5930F36DBDC6}.Release|Any CPU.ActiveCfg = Release|Any CPU
		{3B809B2E-72D0-4E20-BA3C-5930F36DBDC6}.Release|Any CPU.Build.0 = Release|Any CPU
	EndGlobalSection
	GlobalSection(SolutionProperties) = preSolution
		HideSolutionNode = FALSE
	EndGlobalSection
	GlobalSection(ExtensibilityGlobals) = postSolution
		SolutionGuid = {BF84D94E-A484-46EB-BB9B-5133B1642DB5}
	EndGlobalSection
EndGlobal
